{
    "_readme": [
        "This file locks the dependencies of your project to a known state",
        "Read more about it at https://getcomposer.org/doc/01-basic-usage.md#composer-lock-the-lock-file",
        "This file is @generated automatically"
    ],
    "hash": "a177635491fd6f3b30287381813bb222",
    "content-hash": "d382e07700271418a9e4b16b6115873b",
    "packages": [
        {
            "name": "clue/socket-raw",
            "version": "v1.2.0",
            "source": {
                "type": "git",
                "url": "https://github.com/clue/php-socket-raw.git",
                "reference": "8a10282bcb1e45e076a8a8285237681380e55ea5"
            },
            "dist": {
                "type": "zip",
                "url": "https://api.github.com/repos/clue/php-socket-raw/zipball/8a10282bcb1e45e076a8a8285237681380e55ea5",
                "reference": "8a10282bcb1e45e076a8a8285237681380e55ea5",
                "shasum": ""
            },
            "require": {
                "ext-sockets": "*",
                "php": ">=5.3"
            },
            "type": "library",
            "autoload": {
                "psr-4": {
                    "Socket\\Raw\\": "src"
                }
            },
            "notification-url": "https://packagist.org/downloads/",
            "license": [
                "MIT"
            ],
            "authors": [
                {
                    "name": "Christian Lück",
                    "email": "christian@lueck.tv"
                }
            ],
            "description": "Simple and lightweight OOP wrapper for PHP's low level sockets extension (ext-sockets)",
            "homepage": "https://github.com/clue/php-socket-raw",
            "keywords": [
                "Socket",
                "client",
                "datagram",
                "dgram",
                "icmp",
                "ipv6",
                "server",
                "stream",
                "tcp",
                "udg",
                "udp",
                "unix"
            ],
            "time": "2015-03-18 23:48:01"
        },
        {
            "name": "hoa/consistency",
            "version": "1.16.03.03",
            "source": {
                "type": "git",
                "url": "https://github.com/hoaproject/Consistency.git",
                "reference": "aa7e30f99aa2ae476f83800d3ad350506eec153b"
            },
            "dist": {
                "type": "zip",
                "url": "https://api.github.com/repos/hoaproject/Consistency/zipball/aa7e30f99aa2ae476f83800d3ad350506eec153b",
                "reference": "aa7e30f99aa2ae476f83800d3ad350506eec153b",
                "shasum": ""
            },
            "require": {
                "hoa/exception": "~1.0",
                "php": ">=5.5.0"
            },
            "require-dev": {
                "hoa/stream": "~1.0",
                "hoa/test": "~2.0"
            },
            "type": "library",
            "extra": {
                "branch-alias": {
                    "dev-master": "1.x-dev"
                }
            },
            "autoload": {
                "psr-4": {
                    "Hoa\\Consistency\\": "."
                },
                "files": [
                    "Prelude.php"
                ]
            },
            "notification-url": "https://packagist.org/downloads/",
            "license": [
                "BSD-3-Clause"
            ],
            "authors": [
                {
                    "name": "Ivan Enderlin",
                    "email": "ivan.enderlin@hoa-project.net"
                },
                {
                    "name": "Hoa community",
                    "homepage": "http://hoa-project.net/"
                }
            ],
            "description": "The Hoa\\Consistency library.",
            "homepage": "http://hoa-project.net/",
            "keywords": [
                "autoloader",
                "callable",
                "consistency",
                "entity",
                "flex",
                "keyword",
                "library"
            ],
            "time": "2016-03-03 09:37:24"
        },
        {
            "name": "hoa/event",
            "version": "1.16.03.15",
            "source": {
                "type": "git",
                "url": "https://github.com/hoaproject/Event.git",
                "reference": "b1577069d63d6efc559406f3bc31813ac33e76b8"
            },
            "dist": {
                "type": "zip",
                "url": "https://api.github.com/repos/hoaproject/Event/zipball/b1577069d63d6efc559406f3bc31813ac33e76b8",
                "reference": "b1577069d63d6efc559406f3bc31813ac33e76b8",
                "shasum": ""
            },
            "require": {
                "hoa/consistency": "~1.0",
                "hoa/exception": "~1.0"
            },
            "require-dev": {
                "hoa/test": "~2.0"
            },
            "type": "library",
            "extra": {
                "branch-alias": {
                    "dev-master": "1.x-dev"
                }
            },
            "autoload": {
                "psr-4": {
                    "Hoa\\Event\\": "."
                }
            },
            "notification-url": "https://packagist.org/downloads/",
            "license": [
                "BSD-3-Clause"
            ],
            "authors": [
                {
                    "name": "Ivan Enderlin",
                    "email": "ivan.enderlin@hoa-project.net"
                },
                {
                    "name": "Hoa community",
                    "homepage": "http://hoa-project.net/"
                }
            ],
            "description": "The Hoa\\Event library.",
            "homepage": "http://hoa-project.net/",
            "keywords": [
                "event",
                "library",
                "listener",
                "observer"
            ],
            "time": "2016-03-15 14:49:59"
        },
        {
            "name": "hoa/exception",
            "version": "1.16.01.11",
            "source": {
                "type": "git",
                "url": "https://github.com/hoaproject/Exception.git",
                "reference": "fa4a9648aef2c8ca8f4cd543429b24dc8feaa366"
            },
            "dist": {
                "type": "zip",
                "url": "https://api.github.com/repos/hoaproject/Exception/zipball/fa4a9648aef2c8ca8f4cd543429b24dc8feaa366",
                "reference": "fa4a9648aef2c8ca8f4cd543429b24dc8feaa366",
                "shasum": ""
            },
            "require": {
                "hoa/consistency": "~1.0",
                "hoa/event": "~1.0"
            },
            "require-dev": {
                "hoa/test": "~2.0"
            },
            "type": "library",
            "extra": {
                "branch-alias": {
                    "dev-master": "1.x-dev"
                }
            },
            "autoload": {
                "psr-4": {
                    "Hoa\\Exception\\": "."
                }
            },
            "notification-url": "https://packagist.org/downloads/",
            "license": [
                "BSD-3-Clause"
            ],
            "authors": [
                {
                    "name": "Ivan Enderlin",
                    "email": "ivan.enderlin@hoa-project.net"
                },
                {
                    "name": "Hoa community",
                    "homepage": "http://hoa-project.net/"
                }
            ],
            "description": "The Hoa\\Exception library.",
            "homepage": "http://hoa-project.net/",
            "keywords": [
                "exception",
                "library"
            ],
            "time": "2016-01-11 08:38:17"
        },
        {
            "name": "hoa/protocol",
            "version": "1.16.03.07",
            "source": {
                "type": "git",
                "url": "https://github.com/hoaproject/Protocol.git",
                "reference": "0745015373812591b1fe2e8229b8815d9250d95a"
            },
            "dist": {
                "type": "zip",
                "url": "https://api.github.com/repos/hoaproject/Protocol/zipball/0745015373812591b1fe2e8229b8815d9250d95a",
                "reference": "0745015373812591b1fe2e8229b8815d9250d95a",
                "shasum": ""
            },
            "require": {
                "hoa/consistency": "~1.0",
                "hoa/exception": "~1.0"
            },
            "require-dev": {
                "hoa/test": "~2.0"
            },
            "type": "library",
            "extra": {
                "branch-alias": {
                    "dev-master": "1.x-dev"
                }
            },
            "autoload": {
                "psr-4": {
                    "Hoa\\Protocol\\": "."
                },
                "files": [
                    "Wrapper.php"
                ]
            },
            "notification-url": "https://packagist.org/downloads/",
            "license": [
                "BSD-3-Clause"
            ],
            "authors": [
                {
                    "name": "Ivan Enderlin",
                    "email": "ivan.enderlin@hoa-project.net"
                },
                {
                    "name": "Hoa community",
                    "homepage": "http://hoa-project.net/"
                }
            ],
            "description": "The Hoa\\Protocol library.",
            "homepage": "http://hoa-project.net/",
            "keywords": [
                "library",
                "protocol",
                "resource",
                "stream",
                "wrapper"
            ],
            "time": "2016-03-07 16:31:08"
        },
        {
            "name": "hoa/socket",
            "version": "1.16.02.17",
            "source": {
                "type": "git",
                "url": "https://github.com/hoaproject/Socket.git",
                "reference": "fab08cf5ab5fb8c297e55e153802b177aea45953"
            },
            "dist": {
                "type": "zip",
                "url": "https://api.github.com/repos/hoaproject/Socket/zipball/fab08cf5ab5fb8c297e55e153802b177aea45953",
                "reference": "fab08cf5ab5fb8c297e55e153802b177aea45953",
                "shasum": ""
            },
            "require": {
                "hoa/consistency": "~1.0",
                "hoa/exception": "~1.0",
                "hoa/stream": "~1.0"
            },
            "require-dev": {
                "hoa/test": "~2.0"
            },
            "type": "library",
            "extra": {
                "branch-alias": {
                    "dev-master": "1.x-dev"
                }
            },
            "autoload": {
                "psr-4": {
                    "Hoa\\Socket\\": "."
                }
            },
            "notification-url": "https://packagist.org/downloads/",
            "license": [
                "BSD-3-Clause"
            ],
            "authors": [
                {
                    "name": "Ivan Enderlin",
                    "email": "ivan.enderlin@hoa-project.net"
                },
                {
                    "name": "Hoa community",
                    "homepage": "http://hoa-project.net/"
                }
            ],
            "description": "The Hoa\\Socket library.",
            "homepage": "http://hoa-project.net/",
            "keywords": [
                "Socket",
                "client",
                "library",
                "node",
                "server",
                "tcp",
                "udp"
            ],
            "time": "2016-02-17 08:56:51"
        },
        {
            "name": "hoa/stream",
            "version": "1.16.01.14",
            "source": {
                "type": "git",
                "url": "https://github.com/hoaproject/Stream.git",
                "reference": "c00b35078ef8c0881b7d2ed533de19fe0aaf9896"
            },
            "dist": {
                "type": "zip",
                "url": "https://api.github.com/repos/hoaproject/Stream/zipball/c00b35078ef8c0881b7d2ed533de19fe0aaf9896",
                "reference": "c00b35078ef8c0881b7d2ed533de19fe0aaf9896",
                "shasum": ""
            },
            "require": {
                "hoa/consistency": "~1.0",
                "hoa/event": "~1.0",
                "hoa/exception": "~1.0",
                "hoa/protocol": "~1.0"
            },
            "type": "library",
            "extra": {
                "branch-alias": {
                    "dev-master": "1.x-dev"
                }
            },
            "autoload": {
                "psr-4": {
                    "Hoa\\Stream\\": "."
                }
            },
            "notification-url": "https://packagist.org/downloads/",
            "license": [
                "BSD-3-Clause"
            ],
            "authors": [
                {
                    "name": "Ivan Enderlin",
                    "email": "ivan.enderlin@hoa-project.net"
                },
                {
                    "name": "Hoa community",
                    "homepage": "http://hoa-project.net/"
                }
            ],
            "description": "The Hoa\\Stream library.",
            "homepage": "http://hoa-project.net/",
            "keywords": [
                "Context",
                "bucket",
                "composite",
                "filter",
                "in",
                "library",
                "out",
                "protocol",
                "stream",
                "wrapper"
            ],
            "time": "2016-01-14 20:11:37"
        },
        {
            "name": "symfony/http-foundation",
            "version": "v3.1.1",
            "source": {
                "type": "git",
                "url": "https://github.com/symfony/http-foundation.git",
                "reference": "5fa10139fe520561e313cc2a6cea1e44a71f36ce"
            },
            "dist": {
                "type": "zip",
                "url": "https://api.github.com/repos/symfony/http-foundation/zipball/5fa10139fe520561e313cc2a6cea1e44a71f36ce",
                "reference": "5fa10139fe520561e313cc2a6cea1e44a71f36ce",
                "shasum": ""
            },
            "require": {
                "php": ">=5.5.9",
                "symfony/polyfill-mbstring": "~1.1"
            },
            "require-dev": {
                "symfony/expression-language": "~2.8|~3.0"
            },
            "type": "library",
            "extra": {
                "branch-alias": {
                    "dev-master": "3.1-dev"
                }
            },
            "autoload": {
                "psr-4": {
                    "Symfony\\Component\\HttpFoundation\\": ""
                },
                "exclude-from-classmap": [
                    "/Tests/"
                ]
            },
            "notification-url": "https://packagist.org/downloads/",
            "license": [
                "MIT"
            ],
            "authors": [
                {
                    "name": "Fabien Potencier",
                    "email": "fabien@symfony.com"
                },
                {
                    "name": "Symfony Community",
                    "homepage": "https://symfony.com/contributors"
                }
            ],
            "description": "Symfony HttpFoundation Component",
            "homepage": "https://symfony.com",
            "time": "2016-06-14 11:18:07"
        },
        {
            "name": "symfony/polyfill-mbstring",
            "version": "v1.2.0",
            "source": {
                "type": "git",
                "url": "https://github.com/symfony/polyfill-mbstring.git",
                "reference": "dff51f72b0706335131b00a7f49606168c582594"
            },
            "dist": {
                "type": "zip",
                "url": "https://api.github.com/repos/symfony/polyfill-mbstring/zipball/dff51f72b0706335131b00a7f49606168c582594",
                "reference": "dff51f72b0706335131b00a7f49606168c582594",
                "shasum": ""
            },
            "require": {
                "php": ">=5.3.3"
            },
            "suggest": {
                "ext-mbstring": "For best performance"
            },
            "type": "library",
            "extra": {
                "branch-alias": {
                    "dev-master": "1.2-dev"
                }
            },
            "autoload": {
                "psr-4": {
                    "Symfony\\Polyfill\\Mbstring\\": ""
                },
                "files": [
                    "bootstrap.php"
                ]
            },
            "notification-url": "https://packagist.org/downloads/",
            "license": [
                "MIT"
            ],
            "authors": [
                {
                    "name": "Nicolas Grekas",
                    "email": "p@tchwork.com"
                },
                {
                    "name": "Symfony Community",
                    "homepage": "https://symfony.com/contributors"
                }
            ],
            "description": "Symfony polyfill for the Mbstring extension",
            "homepage": "https://symfony.com",
            "keywords": [
                "compatibility",
                "mbstring",
                "polyfill",
                "portable",
                "shim"
            ],
            "time": "2016-05-18 14:26:46"
        }
    ],
    "packages-dev": [],
    "aliases": [],
    "minimum-stability": "stable",
    "stability-flags": [],
    "prefer-stable": false,
    "prefer-lowest": false,
    "platform": [],
    "platform-dev": []
}
